
Microsoft Visual Studio Solution File, Format Version 12.00
# Visual Studio Version 17
VisualStudioVersion = 17.9.34607.119
MinimumVisualStudioVersion = 10.0.40219.1
Project("{FAE04EC0-301F-11D3-BF4B-00C04F79EFBC}") = "csi23jconazoexamenpr", "csi23jconazoexamenpr.csproj", "{5266BC8C-A63A-4AA1-A563-81CBFD25DFFF}"
EndProject
Global
	GlobalSection(SolutionConfigurationPlatforms) = preSolution
		Debug|Any CPU = Debug|Any CPU
		Release|Any CPU = Release|Any CPU
	EndGlobalSection
	GlobalSection(ProjectConfigurationPlatforms) = postSolution
		{5266BC8C-A63A-4AA1-A563-81CBFD25DFFF}.Debug|Any CPU.ActiveCfg = Debug|Any CPU
		{5266BC8C-A63A-4AA1-A563-81CBFD25DFFF}.Debug|Any CPU.Build.0 = Debug|Any CPU
		{5266BC8C-A63A-4AA1-A563-81CBFD25DFFF}.Release|Any CPU.ActiveCfg = Release|Any CPU
		{5266BC8C-A63A-4AA1-A563-81CBFD25DFFF}.Release|Any CPU.Build.0 = Release|Any CPU
	EndGlobalSection
	GlobalSection(SolutionProperties) = preSolution
		HideSolutionNode = FALSE
	EndGlobalSection
	GlobalSection(ExtensibilityGlobals) = postSolution
		SolutionGuid = {D4E331C5-EBAB-4799-BC7C-AAA60FC4813A}
	EndGlobalSection
EndGlobal
